
Microsoft Visual Studio Solution File, Format Version 12.00
# Visual Studio Version 17
VisualStudioVersion = 17.4.33403.182
MinimumVisualStudioVersion = 10.0.40219.1
Project("{FAE04EC0-301F-11D3-BF4B-00C04F79EFBC}") = "CodeAnalizing", "CodeAnalizing\CodeAnalizing.csproj", "{457927B9-1021-44DE-8446-B88C1304D36E}"
EndProject
Global
	GlobalSection(SolutionConfigurationPlatforms) = preSolution
		Debug|Any CPU = Debug|Any CPU
		Release|Any CPU = Release|Any CPU
	EndGlobalSection
	GlobalSection(ProjectConfigurationPlatforms) = postSolution
		{457927B9-1021-44DE-8446-B88C1304D36E}.Debug|Any CPU.ActiveCfg = Debug|Any CPU
		{457927B9-1021-44DE-8446-B88C1304D36E}.Debug|Any CPU.Build.0 = Debug|Any CPU
		{457927B9-1021-44DE-8446-B88C1304D36E}.Release|Any CPU.ActiveCfg = Release|Any CPU
		{457927B9-1021-44DE-8446-B88C1304D36E}.Release|Any CPU.Build.0 = Release|Any CPU
	EndGlobalSection
	GlobalSection(SolutionProperties) = preSolution
		HideSolutionNode = FALSE
	EndGlobalSection
	GlobalSection(ExtensibilityGlobals) = postSolution
		SolutionGuid = {F4E750D7-860E-4773-9D20-4EC0ADFF0A52}
	EndGlobalSection
EndGlobal
